
Microsoft Visual Studio Solution File, Format Version 12.00
# Visual Studio Version 16
VisualStudioVersion = 16.0.31605.320
MinimumVisualStudioVersion = 10.0.40219.1
Project("{FAE04EC0-301F-11D3-BF4B-00C04F79EFBC}") = "ElectricityCompany", "ElectricityCompany\ElectricityCompany.csproj", "{48760920-6092-45CD-909E-56FD8E22D903}"
EndProject
Project("{FAE04EC0-301F-11D3-BF4B-00C04F79EFBC}") = "ElectricityCompany.Android", "ElectricityCompany.Android\ElectricityCompany.Android.csproj", "{DF0CF41D-AF52-4836-BC55-0856470BAA57}"
EndProject
Project("{FAE04EC0-301F-11D3-BF4B-00C04F79EFBC}") = "ElectricityCompany.iOS", "ElectricityCompany.iOS\ElectricityCompany.iOS.csproj", "{655578A5-83F4-4CD5-AA46-BF3F0EE7C282}"
EndProject
Global
	GlobalSection(SolutionConfigurationPlatforms) = preSolution
		Ad-Hoc|Any CPU = Ad-Hoc|Any CPU
		Ad-Hoc|iPhone = Ad-Hoc|iPhone
		Ad-Hoc|iPhoneSimulator = Ad-Hoc|iPhoneSimulator
		AppStore|Any CPU = AppStore|Any CPU
		AppStore|iPhone = AppStore|iPhone
		AppStore|iPhoneSimulator = AppStore|iPhoneSimulator
		Debug|Any CPU = Debug|Any CPU
		Debug|iPhone = Debug|iPhone
		Debug|iPhoneSimulator = Debug|iPhoneSimulator
		Release|Any CPU = Release|Any CPU
		Release|iPhone = Release|iPhone
		Release|iPhoneSimulator = Release|iPhoneSimulator
	EndGlobalSection
	GlobalSection(ProjectConfigurationPlatforms) = postSolution
		{48760920-6092-45CD-909E-56FD8E22D903}.Ad-Hoc|Any CPU.ActiveCfg = Debug|Any CPU
		{48760920-6092-45CD-909E-56FD8E22D903}.Ad-Hoc|Any CPU.Build.0 = Debug|Any CPU
		{48760920-6092-45CD-909E-56FD8E22D903}.Ad-Hoc|iPhone.ActiveCfg = Debug|Any CPU
		{48760920-6092-45CD-909E-56FD8E22D903}.Ad-Hoc|iPhone.Build.0 = Debug|Any CPU
		{48760920-6092-45CD-909E-56FD8E22D903}.Ad-Hoc|iPhoneSimulator.ActiveCfg = Debug|Any CPU
		{48760920-6092-45CD-909E-56FD8E22D903}.Ad-Hoc|iPhoneSimulator.Build.0 = Debug|Any CPU
		{48760920-6092-45CD-909E-56FD8E22D903}.AppStore|Any CPU.ActiveCfg = Debug|Any CPU
		{48760920-6092-45CD-909E-56FD8E22D903}.AppStore|Any CPU.Build.0 = Debug|Any CPU
		{48760920-6092-45CD-909E-56FD8E22D903}.AppStore|iPhone.ActiveCfg = Debug|Any CPU
		{48760920-6092-45CD-909E-56FD8E22D903}.AppStore|iPhone.Build.0 = Debug|Any CPU
		{48760920-6092-45CD-909E-56FD8E22D903}.AppStore|iPhoneSimulator.ActiveCfg = Debug|Any CPU
		{48760920-6092-45CD-909E-56FD8E22D903}.AppStore|iPhoneSimulator.Build.0 = Debug|Any CPU
		{48760920-6092-45CD-909E-56FD8E22D903}.Debug|Any CPU.ActiveCfg = Debug|Any CPU
		{48760920-6092-45CD-909E-56FD8E22D903}.Debug|Any CPU.Build.0 = Debug|Any CPU
		{48760920-6092-45CD-909E-56FD8E22D903}.Debug|iPhone.ActiveCfg = Debug|Any CPU
		{48760920-6092-45CD-909E-56FD8E22D903}.Debug|iPhone.Build.0 = Debug|Any CPU
		{48760920-6092-45CD-909E-56FD8E22D903}.Debug|iPhoneSimulator.ActiveCfg = Debug|Any CPU
		{48760920-6092-45CD-909E-56FD8E22D903}.Debug|iPhoneSimulator.Build.0 = Debug|Any CPU
		{48760920-6092-45CD-909E-56FD8E22D903}.Release|Any CPU.ActiveCfg = Release|Any CPU
		{48760920-6092-45CD-909E-56FD8E22D903}.Release|Any CPU.Build.0 = Release|Any CPU
		{48760920-6092-45CD-909E-56FD8E22D903}.Release|iPhone.ActiveCfg = Release|Any CPU
		{48760920-6092-45CD-909E-56FD8E22D903}.Release|iPhone.Build.0 = Release|Any CPU
		{48760920-6092-45CD-909E-56FD8E22D903}.Release|iPhoneSimulator.ActiveCfg = Release|Any CPU
		{48760920-6092-45CD-909E-56FD8E22D903}.Release|iPhoneSimulator.Build.0 = Release|Any CPU
		{DF0CF41D-AF52-4836-BC55-0856470BAA57}.Ad-Hoc|Any CPU.ActiveCfg = Debug|Any CPU
		{DF0CF41D-AF52-4836-BC55-0856470BAA57}.Ad-Hoc|Any CPU.Build.0 = Debug|Any CPU
		{DF0CF41D-AF52-4836-BC55-0856470BAA57}.Ad-Hoc|Any CPU.Deploy.0 = Debug|Any CPU
		{DF0CF41D-AF52-4836-BC55-0856470BAA57}.Ad-Hoc|iPhone.ActiveCfg = Debug|Any CPU
		{DF0CF41D-AF52-4836-BC55-0856470BAA57}.Ad-Hoc|iPhone.Build.0 = Debug|Any CPU
		{DF0CF41D-AF52-4836-BC55-0856470BAA57}.Ad-Hoc|iPhone.Deploy.0 = Debug|Any CPU
		{DF0CF41D-AF52-4836-BC55-0856470BAA57}.Ad-Hoc|iPhoneSimulator.ActiveCfg = Debug|Any CPU
		{DF0CF41D-AF52-4836-BC55-0856470BAA57}.Ad-Hoc|iPhoneSimulator.Build.0 = Debug|Any CPU
		{DF0CF41D-AF52-4836-BC55-0856470BAA57}.Ad-Hoc|iPhoneSimulator.Deploy.0 = Debug|Any CPU
		{DF0CF41D-AF52-4836-BC55-0856470BAA57}.AppStore|Any CPU.ActiveCfg = Debug|Any CPU
		{DF0CF41D-AF52-4836-BC55-0856470BAA57}.AppStore|Any CPU.Build.0 = Debug|Any CPU
		{DF0CF41D-AF52-4836-BC55-0856470BAA57}.AppStore|Any CPU.Deploy.0 = Debug|Any CPU
		{DF0CF41D-AF52-4836-BC55-0856470BAA57}.AppStore|iPhone.ActiveCfg = Debug|Any CPU
		{DF0CF41D-AF52-4836-BC55-0856470BAA57}.AppStore|iPhone.Build.0 = Debug|Any CPU
		{DF0CF41D-AF52-4836-BC55-0856470BAA57}.AppStore|iPhone.Deploy.0 = Debug|Any CPU
		{DF0CF41D-AF52-4836-BC55-0856470BAA57}.AppStore|iPhoneSimulator.ActiveCfg = Debug|Any CPU
		{DF0CF41D-AF52-4836-BC55-0856470BAA57}.AppStore|iPhoneSimulator.Build.0 = Debug|Any CPU
		{DF0CF41D-AF52-4836-BC55-0856470BAA57}.AppStore|iPhoneSimulator.Deploy.0 = Debug|Any CPU
		{DF0CF41D-AF52-4836-BC55-0856470BAA57}.Debug|Any CPU.ActiveCfg = Debug|Any CPU
		{DF0CF41D-AF52-4836-BC55-0856470BAA57}.Debug|Any CPU.Build.0 = Debug|Any CPU
		{DF0CF41D-AF52-4836-BC55-0856470BAA57}.Debug|Any CPU.Deploy.0 = Debug|Any CPU
		{DF0CF41D-AF52-4836-BC55-0856470BAA57}.Debug|iPhone.ActiveCfg = Debug|Any CPU
		{DF0CF41D-AF52-4836-BC55-0856470BAA57}.Debug|iPhone.Build.0 = Debug|Any CPU
		{DF0CF41D-AF52-4836-BC55-0856470BAA57}.Debug|iPhone.Deploy.0 = Debug|Any CPU
		{DF0CF41D-AF52-4836-BC55-0856470BAA57}.Debug|iPhoneSimulator.ActiveCfg = Debug|Any CPU
		{DF0CF41D-AF52-4836-BC55-0856470BAA57}.Debug|iPhoneSimulator.Build.0 = Debug|Any CPU
		{DF0CF41D-AF52-4836-BC55-0856470BAA57}.Debug|iPhoneSimulator.Deploy.0 = Debug|Any CPU
		{DF0CF41D-AF52-4836-BC55-0856470BAA57}.Release|Any CPU.ActiveCfg = Release|Any CPU
		{DF0CF41D-AF52-4836-BC55-0856470BAA57}.Release|Any CPU.Build.0 = Release|Any CPU
		{DF0CF41D-AF52-4836-BC55-0856470BAA57}.Release|Any CPU.Deploy.0 = Release|Any CPU
		{DF0CF41D-AF52-4836-BC55-0856470BAA57}.Release|iPhone.ActiveCfg = Release|Any CPU
		{DF0CF41D-AF52-4836-BC55-0856470BAA57}.Release|iPhone.Build.0 = Release|Any CPU
		{DF0CF41D-AF52-4836-BC55-0856470BAA57}.Release|iPhone.Deploy.0 = Release|Any CPU
		{DF0CF41D-AF52-4836-BC55-0856470BAA57}.Release|iPhoneSimulator.ActiveCfg = Release|Any CPU
		{DF0CF41D-AF52-4836-BC55-0856470BAA57}.Release|iPhoneSimulator.Build.0 = Release|Any CPU
		{DF0CF41D-AF52-4836-BC55-0856470BAA57}.Release|iPhoneSimulator.Deploy.0 = Release|Any CPU
		{655578A5-83F4-4CD5-AA46-BF3F0EE7C282}.Ad-Hoc|Any CPU.ActiveCfg = Ad-Hoc|iPhoneSimulator
		{655578A5-83F4-4CD5-AA46-BF3F0EE7C282}.Ad-Hoc|iPhone.ActiveCfg = Ad-Hoc|iPhone
		{655578A5-83F4-4CD5-AA46-BF3F0EE7C282}.Ad-Hoc|iPhone.Build.0 = Ad-Hoc|iPhone
		{655578A5-83F4-4CD5-AA46-BF3F0EE7C282}.Ad-Hoc|iPhoneSimulator.ActiveCfg = Ad-Hoc|iPhoneSimulator
		{655578A5-83F4-4CD5-AA46-BF3F0EE7C282}.Ad-Hoc|iPhoneSimulator.Build.0 = Ad-Hoc|iPhoneSimulator
		{655578A5-83F4-4CD5-AA46-BF3F0EE7C282}.AppStore|Any CPU.ActiveCfg = AppStore|iPhoneSimulator
		{655578A5-83F4-4CD5-AA46-BF3F0EE7C282}.AppStore|iPhone.ActiveCfg = AppStore|iPhone
		{655578A5-83F4-4CD5-AA46-BF3F0EE7C282}.AppStore|iPhone.Build.0 = AppStore|iPhone
		{655578A5-83F4-4CD5-AA46-BF3F0EE7C282}.AppStore|iPhoneSimulator.ActiveCfg = AppStore|iPhoneSimulator
		{655578A5-83F4-4CD5-AA46-BF3F0EE7C282}.AppStore|iPhoneSimulator.Build.0 = AppStore|iPhoneSimulator
		{655578A5-83F4-4CD5-AA46-BF3F0EE7C282}.Debug|Any CPU.ActiveCfg = Debug|iPhoneSimulator
		{655578A5-83F4-4CD5-AA46-BF3F0EE7C282}.Debug|iPhone.ActiveCfg = Debug|iPhone
		{655578A5-83F4-4CD5-AA46-BF3F0EE7C282}.Debug|iPhone.Build.0 = Debug|iPhone
		{655578A5-83F4-4CD5-AA46-BF3F0EE7C282}.Debug|iPhoneSimulator.ActiveCfg = Debug|iPhoneSimulator
		{655578A5-83F4-4CD5-AA46-BF3F0EE7C282}.Debug|iPhoneSimulator.Build.0 = Debug|iPhoneSimulator
		{655578A5-83F4-4CD5-AA46-BF3F0EE7C282}.Release|Any CPU.ActiveCfg = Release|iPhoneSimulator
		{655578A5-83F4-4CD5-AA46-BF3F0EE7C282}.Release|iPhone.ActiveCfg = Release|iPhone
		{655578A5-83F4-4CD5-AA46-BF3F0EE7C282}.Release|iPhone.Build.0 = Release|iPhone
		{655578A5-83F4-4CD5-AA46-BF3F0EE7C282}.Release|iPhoneSimulator.ActiveCfg = Release|iPhoneSimulator
		{655578A5-83F4-4CD5-AA46-BF3F0EE7C282}.Release|iPhoneSimulator.Build.0 = Release|iPhoneSimulator
	EndGlobalSection
	GlobalSection(SolutionProperties) = preSolution
		HideSolutionNode = FALSE
	EndGlobalSection
	GlobalSection(ExtensibilityGlobals) = postSolution
		SolutionGuid = {6B004318-BA56-42AE-AB28-A033A067B331}
	EndGlobalSection
EndGlobal
